# This file is automatically @generated by Cargo.
# It is not intended for manual editing.
version = 4

[[package]]
name = "aho-corasick"
version = "0.5.3"
source = "registry+https://github.com/rust-lang/crates.io-index"
checksum = "ca972c2ea5f742bfce5687b9aef75506a764f61d37f8f649047846a9686ddb66"
dependencies = [
 "memchr 0.1.11",
]

[[package]]
name = "atty"
version = "0.1.2"
source = "registry+https://github.com/rust-lang/crates.io-index"
checksum = "d0fd4c0631f06448cc45a6bbb3b710ebb7ff8ccb96a0800c994afe23a70d5df2"
dependencies = [
 "kernel32-sys",
 "libc",
 "winapi 0.2.8",
]

[[package]]
name = "bit-set"
version = "0.3.0"
source = "registry+https://github.com/rust-lang/crates.io-index"
checksum = "84527c7b0452f22545cc010e72d366a435561d2b28b978035550b3778c4d428d"
dependencies = [
 "bit-vec",
]

[[package]]
name = "bit-vec"
version = "0.10.1"
source = "registry+https://github.com/rust-lang/crates.io-index"
checksum = "5727b15fa97d4f4fee0a3b7c3d550ed0269f54329207b86388de918604e31269"
dependencies = [
 "borsh",
 "serde",
]

[[package]]
name = "bitflags"
version = "0.4.0"
source = "registry+https://github.com/rust-lang/crates.io-index"
checksum = "8dead7461c1127cf637931a1e50934eb6eee8bff2f74433ac7909e9afcee04a3"

[[package]]
name = "borsh"
version = "1.8.1"
source = "registry+https://github.com/rust-lang/crates.io-index"
checksum = "553c5d846a6ba5150c65e3b1b8ec073bcf1abc20f9b7220de384a4443ea4e20a"
dependencies = [
 "borsh-derive",
 "bytes",
 "cfg_aliases",
]

[[package]]
name = "borsh-derive"
version = "1.8.1"
source = "registry+https://github.com/rust-lang/crates.io-index"
checksum = "12cdfe656708a01f89b451a7d36466e6fe6c414de0aa18fc54f864f6f9ca9f56"
dependencies = [
 "once_cell",
 "proc-macro-crate",
 "proc-macro2",
 "quote",
 "syn",
]

[[package]]
name = "bytes"
version = "1.12.1"
source = "registry+https://github.com/rust-lang/crates.io-index"
checksum = "fc652a48c352aef3ea3aed32080501cf3ef6ed5da78602a020c991775b0aff04"

[[package]]
name = "cc"
version = "1.4.5"
source = "registry+https://github.com/rust-lang/crates.io-index"
checksum = "005ec2760ca554fae18df7a11195552ec576cd665632a881bc011d5bb2fd4d80"
dependencies = [
 "find-msvc-tools",
 "shlex",
]

[[package]]
name = "cfg-if"
version = "0.1.10"
source = "registry+https://github.com/rust-lang/crates.io-index"
checksum = "4785bdd1c96b2a846b2bd7cc02e86b6b3dbf14e7e53446c4f54c92a361040822"

[[package]]
name = "cfg_aliases"
version = "0.2.2"
source = "registry+https://github.com/rust-lang/crates.io-index"
checksum = "f079e83a288787bcd14a6aea84cee5c87a67c5a3e660c30f557a3d24761b3527"

[[package]]
name = "diff"
version = "0.1.13"
source = "registry+https://github.com/rust-lang/crates.io-index"
checksum = "56254986775e3233ffa9c4d7d3faaf6d36a2c09d30b20687e9f88bc8bafc16c8"

[[package]]
name = "docopt"
version = "0.6.86"
source = "registry+https://github.com/rust-lang/crates.io-index"
checksum = "4a7ef30445607f6fc8720f0a0a2c7442284b629cf0d049286860fae23e71c4d9"
dependencies = [
 "lazy_static",
 "regex",
 "rustc-serialize",
 "strsim",
]

[[package]]
name = "env_logger"
version = "0.3.5"
source = "registry+https://github.com/rust-lang/crates.io-index"
checksum = "15abd780e45b3ea4f76b4e9a26ff4843258dd8a3eed2775a0e7368c2e7936c2f"
dependencies = [
 "log 0.3.9",
 "regex",
]

[[package]]
name = "equivalent"
version = "1.0.2"
source = "registry+https://github.com/rust-lang/crates.io-index"
checksum = "877a4ace8713b0bcf2a4e7eec82529c029f1d0619886d18145fea96c3ffe5c0f"

[[package]]
name = "find-msvc-tools"
version = "0.1.12"
source = "registry+https://github.com/rust-lang/crates.io-index"
checksum = "3e0f1c7c3a72c66fd80abe965175f7523475c0489a87d3ff9d6e8c87d87a9d2d"

[[package]]
name = "fixedbitset"
version = "0.1.9"
source = "registry+https://github.com/rust-lang/crates.io-index"
checksum = "86d4de0081402f5e88cdac65c8dcdcc73118c1a7a465e2a05f0da05843a8ea33"

[[package]]
name = "hashbrown"
version = "0.17.1"
source = "registry+https://github.com/rust-lang/crates.io-index"
checksum = "ed5909b6e89a2db4456e54cd5f673791d7eca6732202bbf2a9cc504fe2f9b84a"

[[package]]
name = "http-muncher"
version = "0.3.2"
source = "registry+https://github.com/rust-lang/crates.io-index"
checksum = "ad5ef098f884f8d927426a231d14a923be1798ff0d5ad238989f4912565fb283"
dependencies = [
 "cc",
 "libc",
]

[[package]]
name = "indexmap"
version = "2.14.2"
source = "registry+https://github.com/rust-lang/crates.io-index"
checksum = "cc4e190f5d26ca7051642629da2c52fc03bde85a03197c99408dcd291734c855"
dependencies = [
 "equivalent",
 "hashbrown",
]

[[package]]
name = "itertools"
version = "0.3.25"
source = "registry+https://github.com/rust-lang/crates.io-index"
checksum = "16b73f1c685cfd8ff8d75698ed87e6188cd09944b30c0863d45c2c3699d1da0c"

[[package]]
name = "jokey-driver"
version = "0.1.0"
dependencies = [
 "kernel",
]

[[package]]
name = "kernel"
version = "1.1.0"
source = "registry+https://github.com/rust-lang/crates.io-index"
checksum = "c094e931d387df50f2f02e7454b03ba7dee6f3ad0c9c11fe181e0d57c5a3f73c"
dependencies = [
 "bitflags",
 "env_logger",
 "http-muncher",
 "lalrpop",
 "lalrpop-util",
 "libc",
 "log 0.3.9",
 "net2",
 "nix",
 "rustc-serialize",
 "sha1",
 "time",
]

[[package]]
name = "kernel32-sys"
version = "0.2.2"
source = "registry+https://github.com/rust-lang/crates.io-index"
checksum = "7507624b29483431c0ba2d82aece8ca6cdba9382bff4ddd0f7490560c056098d"
dependencies = [
 "winapi 0.2.8",
 "winapi-build",
]

[[package]]
name = "lalrpop"
version = "0.12.5"
source = "registry+https://github.com/rust-lang/crates.io-index"
checksum = "a50b5cdf6b58f1753c86ebcc4d0852ff30478133fb370a27dbf303cbd5621fdc"
dependencies = [
 "atty",
 "bit-set",
 "bitflags",
 "diff",
 "docopt",
 "itertools",
 "lalrpop-intern",
 "lalrpop-snap",
 "lalrpop-util",
 "petgraph",
 "regex",
 "regex-syntax 0.2.6",
 "rustc-serialize",
 "term",
 "unicode-xid",
]

[[package]]
name = "lalrpop-intern"
version = "0.12.5"
source = "registry+https://github.com/rust-lang/crates.io-index"
checksum = "39e21a3b0618b97e727f67d46bf1a21954384f6be6bf72558cc48f149881066e"

[[package]]
name = "lalrpop-snap"
version = "0.12.5"
source = "registry+https://github.com/rust-lang/crates.io-index"
checksum = "e82554f7abfe767e8a22286e7ca6d1ea7d873e91f0259981e15c7c6754d7340d"
dependencies = [
 "atty",
 "bit-set",
 "bitflags",
 "diff",
 "docopt",
 "itertools",
 "lalrpop-intern",
 "lalrpop-util",
 "petgraph",
 "regex",
 "regex-syntax 0.2.6",
 "rustc-serialize",
 "term",
 "unicode-xid",
]

[[package]]
name = "lalrpop-util"
version = "0.12.5"
source = "registry+https://github.com/rust-lang/crates.io-index"
checksum = "36497edf44be49f4663ebd9cfb154a81c84491986a62773c62624911efd3d84d"

[[package]]
name = "lazy_static"
version = "0.2.11"
source = "registry+https://github.com/rust-lang/crates.io-index"
checksum = "76f033c7ad61445c5b347c7382dd1237847eb1bce590fe50365dcb33d546be73"

[[package]]
name = "libc"
version = "0.2.189"
source = "registry+https://github.com/rust-lang/crates.io-index"
checksum = "3eaf3ede3fee6db1a4c2ee091bf8a8b4dccdc6d17f656fb07896ee72867612f2"

[[package]]
name = "log"
version = "0.3.9"
source = "registry+https://github.com/rust-lang/crates.io-index"
checksum = "e19e8d5c34a3e0e2223db8e060f9e8264aeeb5c5fc64a4ee9965c062211c024b"
dependencies = [
 "log 0.4.34",
]

[[package]]
name = "log"
version = "0.4.34"
source = "registry+https://github.com/rust-lang/crates.io-index"
checksum = "f9f8bd3e56ce4dfc153cf470fffbfa98c7620958b312ca5c3a4b8d5181fd13c6"

[[package]]
name = "memchr"
version = "0.1.11"
source = "registry+https://github.com/rust-lang/crates.io-index"
checksum = "d8b629fb514376c675b98c1421e80b151d3817ac42d7c667717d282761418d20"
dependencies = [
 "libc",
]

[[package]]
name = "memchr"
version = "2.8.3"
source = "registry+https://github.com/rust-lang/crates.io-index"
checksum = "cf8baf1c55e62ffcace7a9f06f4bd9cd3f0c4beb022d3b367256b91b87513d98"

[[package]]
name = "net2"
version = "0.2.39"
source = "registry+https://github.com/rust-lang/crates.io-index"
checksum = "b13b648036a2339d06de780866fbdfda0dde886de7b3af2ddeba8b14f4ee34ac"
dependencies = [
 "cfg-if",
 "libc",
 "winapi 0.3.9",
]

[[package]]
name = "nix"
version = "0.6.0"
source = "registry+https://github.com/rust-lang/crates.io-index"
checksum = "7a7bb1da2be7da3cbffda73fc681d509ffd9e665af478d2bee1907cee0bc64b2"
dependencies = [
 "bitflags",
 "cfg-if",
 "libc",
 "rustc_version",
 "semver",
 "void",
]

[[package]]
name = "once_cell"
version = "1.21.4"
source = "registry+https://github.com/rust-lang/crates.io-index"
checksum = "9f7c3e4beb33f85d45ae3e3a1792185706c8e16d043238c593331cc7cd313b50"

[[package]]
name = "petgraph"
version = "0.1.18"
source = "registry+https://github.com/rust-lang/crates.io-index"
checksum = "bfd1de18b0a5f1777162e5b61aaf498032467d5409ab4ca6dbd03049f5708de1"
dependencies = [
 "fixedbitset",
]

[[package]]
name = "proc-macro-crate"
version = "3.5.0"
source = "registry+https://github.com/rust-lang/crates.io-index"
checksum = "e67ba7e9b2b56446f1d419b1d807906278ffa1a658a8a5d8a39dcb1f5a78614f"
dependencies = [
 "toml_edit",
]

[[package]]
name = "proc-macro2"
version = "1.0.107"
source = "registry+https://github.com/rust-lang/crates.io-index"
checksum = "985e7ec9bb745e6ce6535b544d84d6cd6f7ad8bd711c398938ae983b91a766d9"
dependencies = [
 "unicode-ident",
]

[[package]]
name = "quote"
version = "1.0.47"
source = "registry+https://github.com/rust-lang/crates.io-index"
checksum = "1fbf4db142a473a8d80c26bbf18454ed458bf8d26c8219c331daecfdbd079001"
dependencies = [
 "proc-macro2",
]

[[package]]
name = "regex"
version = "0.1.80"
source = "registry+https://github.com/rust-lang/crates.io-index"
checksum = "4fd4ace6a8cf7860714a2c2280d6c1f7e6a413486c13298bbc86fd3da019402f"
dependencies = [
 "aho-corasick",
 "memchr 0.1.11",
 "regex-syntax 0.3.9",
 "thread_local",
 "utf8-ranges",
]

[[package]]
name = "regex-syntax"
version = "0.2.6"
source = "registry+https://github.com/rust-lang/crates.io-index"
checksum = "a21935ce5a4dfa48e3ded1aefbbe353fb9ab258b0d3fa0bd168bef00797b3dc7"

[[package]]
name = "regex-syntax"
version = "0.3.9"
source = "registry+https://github.com/rust-lang/crates.io-index"
checksum = "f9ec002c35e86791825ed294b50008eea9ddfc8def4420124fbc6b08db834957"

[[package]]
name = "rustc-serialize"
version = "0.3.25"
source = "registry+https://github.com/rust-lang/crates.io-index"
checksum = "fe834bc780604f4674073badbad26d7219cadfb4a2275802db12cbae17498401"

[[package]]
name = "rustc_version"
version = "0.1.7"
source = "registry+https://github.com/rust-lang/crates.io-index"
checksum = "c5f5376ea5e30ce23c03eb77cbe4962b988deead10910c372b226388b594c084"
dependencies = [
 "semver",
]

[[package]]
name = "semver"
version = "0.1.20"
source = "registry+https://github.com/rust-lang/crates.io-index"
checksum = "d4f410fedcf71af0345d7607d246e7ad15faaadd49d240ee3b24e5dc21a820ac"

[[package]]
name = "serde"
version = "1.0.229"
source = "registry+https://github.com/rust-lang/crates.io-index"
checksum = "4148590afebada386688f18773da617792bf2ef03ffc1e4cbd2b1d45b023e0ba"
dependencies = [
 "serde_core",
 "serde_derive",
]

[[package]]
name = "serde_core"
version = "1.0.229"
source = "registry+https://github.com/rust-lang/crates.io-index"
checksum = "67dca2c9c51e58a4791a4b1ed58308b39c64224d349a935ab5039aa360942a48"
dependencies = [
 "serde_derive",
]

[[package]]
name = "serde_derive"
version = "1.0.229"
source = "registry+https://github.com/rust-lang/crates.io-index"
checksum = "e7a5d71263a5a7d47b41f6b3f06ba276f10cc18b0931f1799f710578e2309348"
dependencies = [
 "proc-macro2",
 "quote",
 "syn",
]

[[package]]
name = "sha1"
version = "0.2.0"
source = "registry+https://github.com/rust-lang/crates.io-index"
checksum = "cc30b1e1e8c40c121ca33b86c23308a090d19974ef001b4bf6e61fd1a0fb095c"

[[package]]
name = "shlex"
version = "2.0.1"
source = "registry+https://github.com/rust-lang/crates.io-index"
checksum = "f8fadd59c855ef2080decdef8ff161eb6661b86933c9d82e5ba29dc602a55aba"

[[package]]
name = "strsim"
version = "0.5.2"
source = "registry+https://github.com/rust-lang/crates.io-index"
checksum = "67f84c44fbb2f91db7fef94554e6b2ac05909c9c0b0bc23bb98d3a1aebfe7f7c"

[[package]]
name = "syn"
version = "3.0.5"
source = "registry+https://github.com/rust-lang/crates.io-index"
checksum = "12df2e0110f65b775f769bb17ef989067a1d931b2eb822bd4346631eeada89f9"
dependencies = [
 "proc-macro2",
 "quote",
 "unicode-ident",
]

[[package]]
name = "term"
version = "0.4.6"
source = "registry+https://github.com/rust-lang/crates.io-index"
checksum = "fa63644f74ce96fbeb9b794f66aff2a52d601cbd5e80f4b97123e3899f4570f1"
dependencies = [
 "kernel32-sys",
 "winapi 0.2.8",
]

[[package]]
name = "thread-id"
version = "2.0.0"
source = "registry+https://github.com/rust-lang/crates.io-index"
checksum = "a9539db560102d1cef46b8b78ce737ff0bb64e7e18d35b2a5688f7d097d0ff03"
dependencies = [
 "kernel32-sys",
 "libc",
]

[[package]]
name = "thread_local"
version = "0.2.7"
source = "registry+https://github.com/rust-lang/crates.io-index"
checksum = "8576dbbfcaef9641452d5cf0df9b0e7eeab7694956dd33bb61515fb8f18cfdd5"
dependencies = [
 "thread-id",
]

[[package]]
name = "time"
version = "0.1.45"
source = "registry+https://github.com/rust-lang/crates.io-index"
checksum = "1b797afad3f312d1c66a56d11d0316f916356d11bd158fbc6ca6389ff6bf805a"
dependencies = [
 "libc",
 "wasi",
 "winapi 0.3.9",
]

[[package]]
name = "toml_datetime"
version = "1.1.1+spec-1.1.0"
source = "registry+https://github.com/rust-lang/crates.io-index"
checksum = "3165f65f62e28e0115a00b2ebdd37eb6f3b641855f9d636d3cd4103767159ad7"
dependencies = [
 "serde_core",
]

[[package]]
name = "toml_edit"
version = "0.25.13+spec-1.1.0"
source = "registry+https://github.com/rust-lang/crates.io-index"
checksum = "6975367e4d2ef766d86af01ffad14b622fecc8d4357a998fbc4deb6e9bacaf9b"
dependencies = [
 "indexmap",
 "toml_datetime",
 "toml_parser",
 "winnow",
]

[[package]]
name = "toml_parser"
version = "1.1.3+spec-1.1.0"
source = "registry+https://github.com/rust-lang/crates.io-index"
checksum = "1d38ac1cf9b95face32296c0a3ede1fdc270627c9d9c02a7274dd6d960dc4d56"
dependencies = [
 "winnow",
]

[[package]]
name = "unicode-ident"
version = "1.0.24"
source = "registry+https://github.com/rust-lang/crates.io-index"
checksum = "e6e4313cd5fcd3dad5cafa179702e2b244f760991f45397d14d4ebf38247da75"

[[package]]
name = "unicode-xid"
version = "0.0.2"
source = "registry+https://github.com/rust-lang/crates.io-index"
checksum = "f69506a2561962651710609304bbb961fa3da598c812f877975a82e48ee144f9"

[[package]]
name = "utf8-ranges"
version = "0.1.3"
source = "registry+https://github.com/rust-lang/crates.io-index"
checksum = "a1ca13c08c41c9c3e04224ed9ff80461d97e121589ff27c753a16cb10830ae0f"

[[package]]
name = "void"
version = "1.0.2"
source = "registry+https://github.com/rust-lang/crates.io-index"
checksum = "6a02e4885ed3bc0f2de90ea6dd45ebcbb66dacffe03547fadbb0eeae2770887d"

[[package]]
name = "wasi"
version = "0.10.0+wasi-snapshot-preview1"
source = "registry+https://github.com/rust-lang/crates.io-index"
checksum = "1a143597ca7c7793eff794def352d41792a93c481eb1042423ff7ff72ba2c31f"

[[package]]
name = "winapi"
version = "0.2.8"
source = "registry+https://github.com/rust-lang/crates.io-index"
checksum = "167dc9d6949a9b857f3451275e911c3f44255842c1f7a76f33c55103a909087a"

[[package]]
name = "winapi"
version = "0.3.9"
source = "registry+https://github.com/rust-lang/crates.io-index"
checksum = "5c839a674fcd7a98952e593242ea400abe93992746761e38641405d28b00f419"
dependencies = [
 "winapi-i686-pc-windows-gnu",
 "winapi-x86_64-pc-windows-gnu",
]

[[package]]
name = "winapi-build"
version = "0.1.1"
source = "registry+https://github.com/rust-lang/crates.io-index"
checksum = "2d315eee3b34aca4797b2da6b13ed88266e6d612562a0c46390af8299fc699bc"

[[package]]
name = "winapi-i686-pc-windows-gnu"
version = "0.4.0"
source = "registry+https://github.com/rust-lang/crates.io-index"
checksum = "ac3b87c63620426dd9b991e5ce0329eff545bccbbb34f3be09ff6fb6ab51b7b6"

[[package]]
name = "winapi-x86_64-pc-windows-gnu"
version = "0.4.0"
source = "registry+https://github.com/rust-lang/crates.io-index"
checksum = "712e227841d057c1ee1cd2fb22fa7e5a5461ae8e48fa2ca79ec42cfc1931183f"

[[package]]
name = "winnow"
version = "1.0.4"
source = "registry+https://github.com/rust-lang/crates.io-index"
checksum = "23b97319f7b8343df12cc98938e5c3eb436064524c8d2b4e30a1d3a36eecdf81"
dependencies = [
 "memchr 2.8.3",
]
